// !$*UTF8*$!
{
	archiveVersion = 1;
	classes = {
	};
	objectVersion = 46;
	objects = {

/* Begin PBXBuildFile section */
		362C359F183A9DA90078D8BB /* logo.png in Resources */ = {isa = PBXBuildFile; fileRef = 362C359E183A9DA90078D8BB /* logo.png */; };
		368A92CF183942F3001351F3 /* Foundation.framework in Frameworks */ = {isa = PBXBuildFile; fileRef = 368A92CE183942F3001351F3 /* Foundation.framework */; };
		368A92D1183942F3001351F3 /* CoreGraphics.framework in Frameworks */ = {isa = PBXBuildFile; fileRef = 368A92D0183942F3001351F3 /* CoreGraphics.framework */; };
		368A92D3183942F3001351F3 /* UIKit.framework in Frameworks */ = {isa = PBXBuildFile; fileRef = 368A92D2183942F3001351F3 /* UIKit.framework */; };
		368A92D9183942F3001351F3 /* InfoPlist.strings in Resources */ = {isa = PBXBuildFile; fileRef = 368A92D7183942F3001351F3 /* InfoPlist.strings */; };
		368A92DB183942F3001351F3 /* main.m in Sources */ = {isa = PBXBuildFile; fileRef = 368A92DA183942F3001351F3 /* main.m */; };
		368A92DF183942F3001351F3 /* AppDelegate.m in Sources */ = {isa = PBXBuildFile; fileRef = 368A92DE183942F3001351F3 /* AppDelegate.m */; };
		368A92E2183942F3001351F3 /* Main.storyboard in Resources */ = {isa = PBXBuildFile; fileRef = 368A92E0183942F3001351F3 /* Main.storyboard */; };
		368A92E5183942F3001351F3 /* ViewController.m in Sources */ = {isa = PBXBuildFile; fileRef = 368A92E4183942F3001351F3 /* ViewController.m */; };
		368A92E7183942F3001351F3 /* Images.xcassets in Resources */ = {isa = PBXBuildFile; fileRef = 368A92E6183942F3001351F3 /* Images.xcassets */; };
		368A92EE183942F3001351F3 /* XCTest.framework in Frameworks */ = {isa = PBXBuildFile; fileRef = 368A92ED183942F3001351F3 /* XCTest.framework */; };
		368A92EF183942F3001351F3 /* Foundation.framework in Frameworks */ = {isa = PBXBuildFile; fileRef = 368A92CE183942F3001351F3 /* Foundation.framework */; };
		368A92F0183942F3001351F3 /* UIKit.framework in Frameworks */ = {isa = PBXBuildFile; fileRef = 368A92D2183942F3001351F3 /* UIKit.framework */; };
		368A92F8183942F3001351F3 /* InfoPlist.strings in Resources */ = {isa = PBXBuildFile; fileRef = 368A92F6183942F3001351F3 /* InfoPlist.strings */; };
		368A92FA183942F3001351F3 /* ImageMatchTests.m in Sources */ = {isa = PBXBuildFile; fileRef = 368A92F9183942F3001351F3 /* ImageMatchTests.m */; };
		368A931618396FFF001351F3 /* libopencv_core.a in Frameworks */ = {isa = PBXBuildFile; fileRef = 368A931518396FFF001351F3 /* libopencv_core.a */; };
		368A93181839701D001351F3 /* Accelerate.framework in Frameworks */ = {isa = PBXBuildFile; fileRef = 368A93171839701D001351F3 /* Accelerate.framework */; };
		368AA386183C98B00099EECC /* gopherScene.jpg in Resources */ = {isa = PBXBuildFile; fileRef = 368AA384183C98B00099EECC /* gopherScene.jpg */; };
		368AA389183C99CC0099EECC /* gopherObj.png in Resources */ = {isa = PBXBuildFile; fileRef = 368AA388183C99CC0099EECC /* gopherObj.png */; };
		36F1B48E1839771E00C63B6A /* AudioToolbox.framework in Frameworks */ = {isa = PBXBuildFile; fileRef = 36F1B48D1839771E00C63B6A /* AudioToolbox.framework */; };
		36FF38081839F75D00F81C9B /* photo-logo.jpeg in Resources */ = {isa = PBXBuildFile; fileRef = 36FF38071839F75D00F81C9B /* photo-logo.jpeg */; };
		36FF380C1839FD6500F81C9B /* photo-12.jpeg in Resources */ = {isa = PBXBuildFile; fileRef = 36FF380B1839FD6500F81C9B /* photo-12.jpeg */; };
		451AA3F9183E59FD0053FE71 /* mojaveScene1.png in Resources */ = {isa = PBXBuildFile; fileRef = 451AA3F8183E59FD0053FE71 /* mojaveScene1.png */; };
		451AA3FD183E5E630053FE71 /* mojaveObj1.png in Resources */ = {isa = PBXBuildFile; fileRef = 451AA3FC183E5E630053FE71 /* mojaveObj1.png */; };
		451AA3FF183E5EB70053FE71 /* mojaveObj2.png in Resources */ = {isa = PBXBuildFile; fileRef = 451AA3FE183E5EB70053FE71 /* mojaveObj2.png */; };
		A427F5EE183A4A4700DB3618 /* UIImageCVMatConverter.mm in Sources */ = {isa = PBXBuildFile; fileRef = A427F5ED183A4A4700DB3618 /* UIImageCVMatConverter.mm */; };
		A427F5F1183A4C1600DB3618 /* TemplateMatch.cpp in Sources */ = {isa = PBXBuildFile; fileRef = A427F5EF183A4C1600DB3618 /* TemplateMatch.cpp */; };
		A427F5F8183A7BA100DB3618 /* gopher.png in Resources */ = {isa = PBXBuildFile; fileRef = A427F5F6183A7BA100DB3618 /* gopher.png */; };
		A427F5F9183A7BA100DB3618 /* mojavers.png in Resources */ = {isa = PBXBuildFile; fileRef = A427F5F7183A7BA100DB3618 /* mojavers.png */; };
		A427F5FB183A7BB500DB3618 /* wdb.png in Resources */ = {isa = PBXBuildFile; fileRef = A427F5FA183A7BB500DB3618 /* wdb.png */; };
		AF0D99541910A7E1002289DE /* opencv2.framework in Frameworks */ = {isa = PBXBuildFile; fileRef = AF0D99531910A7E1002289DE /* opencv2.framework */; };
		DF94BD41183EAAB400EEA93F /* wdbobj1.png in Resources */ = {isa = PBXBuildFile; fileRef = DF94BD3E183EAAB400EEA93F /* wdbobj1.png */; };
		DF94BD42183EAAB400EEA93F /* wdbobj2.png in Resources */ = {isa = PBXBuildFile; fileRef = DF94BD3F183EAAB400EEA93F /* wdbobj2.png */; };
		DF94BD43183EAAB400EEA93F /* wdbscene.png in Resources */ = {isa = PBXBuildFile; fileRef = DF94BD40183EAAB400EEA93F /* wdbscene.png */; };
		DF94BD46183EB14400EEA93F /* Utility.m in Sources */ = {isa = PBXBuildFile; fileRef = DF94BD45183EB14400EEA93F /* Utility.m */; };
/* End PBXBuildFile section */

/* Begin PBXContainerItemProxy section */
		368A92F1183942F3001351F3 /* PBXContainerItemProxy */ = {
			isa = PBXContainerItemProxy;
			containerPortal = 368A92C3183942F2001351F3 /* Project object */;
			proxyType = 1;
			remoteGlobalIDString = 368A92CA183942F2001351F3;
			remoteInfo = ImageMatch;
		};
/* End PBXContainerItemProxy section */

/* Begin PBXFileReference section */
		362C359E183A9DA90078D8BB /* logo.png */ = {isa = PBXFileReference; lastKnownFileType = image.png; path = logo.png; sourceTree = "<group>"; };
		368A92CB183942F3001351F3 /* ImageMatch.app */ = {isa = PBXFileReference; explicitFileType = wrapper.application; includeInIndex = 0; path = ImageMatch.app; sourceTree = BUILT_PRODUCTS_DIR; };
		368A92CE183942F3001351F3 /* Foundation.framework */ = {isa = PBXFileReference; lastKnownFileType = wrapper.framework; name = Foundation.framework; path = System/Library/Frameworks/Foundation.framework; sourceTree = SDKROOT; };
		368A92D0183942F3001351F3 /* CoreGraphics.framework */ = {isa = PBXFileReference; lastKnownFileType = wrapper.framework; name = CoreGraphics.framework; path = System/Library/Frameworks/CoreGraphics.framework; sourceTree = SDKROOT; };
		368A92D2183942F3001351F3 /* UIKit.framework */ = {isa = PBXFileReference; lastKnownFileType = wrapper.framework; name = UIKit.framework; path = System/Library/Frameworks/UIKit.framework; sourceTree = SDKROOT; };
		368A92D6183942F3001351F3 /* ImageMatch-Info.plist */ = {isa = PBXFileReference; lastKnownFileType = text.plist.xml; path = "ImageMatch-Info.plist"; sourceTree = "<group>"; };
		368A92D8183942F3001351F3 /* en */ = {isa = PBXFileReference; lastKnownFileType = text.plist.strings; name = en; path = en.lproj/InfoPlist.strings; sourceTree = "<group>"; };
		368A92DA183942F3001351F3 /* main.m */ = {isa = PBXFileReference; lastKnownFileType = sourcecode.c.objc; path = main.m; sourceTree = "<group>"; };
		368A92DC183942F3001351F3 /* ImageMatch-Prefix.pch */ = {isa = PBXFileReference; lastKnownFileType = sourcecode.c.h; path = "ImageMatch-Prefix.pch"; sourceTree = "<group>"; };
		368A92DD183942F3001351F3 /* AppDelegate.h */ = {isa = PBXFileReference; lastKnownFileType = sourcecode.c.h; path = AppDelegate.h; sourceTree = "<group>"; };
		368A92DE183942F3001351F3 /* AppDelegate.m */ = {isa = PBXFileReference; lastKnownFileType = sourcecode.c.objc; path = AppDelegate.m; sourceTree = "<group>"; };
		368A92E1183942F3001351F3 /* Base */ = {isa = PBXFileReference; lastKnownFileType = file.storyboard; name = Base; path = Base.lproj/Main.storyboard; sourceTree = "<group>"; };
		368A92E3183942F3001351F3 /* ViewController.h */ = {isa = PBXFileReference; lastKnownFileType = sourcecode.c.h; path = ViewController.h; sourceTree = "<group>"; };
		368A92E4183942F3001351F3 /* ViewController.m */ = {isa = PBXFileReference; lastKnownFileType = sourcecode.c.objc; path = ViewController.m; sourceTree = "<group>"; };
		368A92E6183942F3001351F3 /* Images.xcassets */ = {isa = PBXFileReference; lastKnownFileType = folder.assetcatalog; path = Images.xcassets; sourceTree = "<group>"; };
		368A92EC183942F3001351F3 /* ImageMatchTests.xctest */ = {isa = PBXFileReference; explicitFileType = wrapper.cfbundle; includeInIndex = 0; path = ImageMatchTests.xctest; sourceTree = BUILT_PRODUCTS_DIR; };
		368A92ED183942F3001351F3 /* XCTest.framework */ = {isa = PBXFileReference; lastKnownFileType = wrapper.framework; name = XCTest.framework; path = Library/Frameworks/XCTest.framework; sourceTree = DEVELOPER_DIR; };
		368A92F5183942F3001351F3 /* ImageMatchTests-Info.plist */ = {isa = PBXFileReference; lastKnownFileType = text.plist.xml; path = "ImageMatchTests-Info.plist"; sourceTree = "<group>"; };
		368A92F7183942F3001351F3 /* en */ = {isa = PBXFileReference; lastKnownFileType = text.plist.strings; name = en; path = en.lproj/InfoPlist.strings; sourceTree = "<group>"; };
		368A92F9183942F3001351F3 /* ImageMatchTests.m */ = {isa = PBXFileReference; lastKnownFileType = sourcecode.c.objc; path = ImageMatchTests.m; sourceTree = "<group>"; };
		368A931518396FFF001351F3 /* libopencv_core.a */ = {isa = PBXFileReference; lastKnownFileType = archive.ar; path = libopencv_core.a; sourceTree = "<group>"; };
		368A93171839701D001351F3 /* Accelerate.framework */ = {isa = PBXFileReference; lastKnownFileType = wrapper.framework; name = Accelerate.framework; path = System/Library/Frameworks/Accelerate.framework; sourceTree = SDKROOT; };
		368AA384183C98B00099EECC /* gopherScene.jpg */ = {isa = PBXFileReference; lastKnownFileType = image.jpeg; path = gopherScene.jpg; sourceTree = "<group>"; };
		368AA388183C99CC0099EECC /* gopherObj.png */ = {isa = PBXFileReference; lastKnownFileType = image.png; path = gopherObj.png; sourceTree = "<group>"; };
		36F1B48D1839771E00C63B6A /* AudioToolbox.framework */ = {isa = PBXFileReference; lastKnownFileType = wrapper.framework; name = AudioToolbox.framework; path = System/Library/Frameworks/AudioToolbox.framework; sourceTree = SDKROOT; };
		36FF38071839F75D00F81C9B /* photo-logo.jpeg */ = {isa = PBXFileReference; lastKnownFileType = image.jpeg; path = "photo-logo.jpeg"; sourceTree = "<group>"; };
		36FF380B1839FD6500F81C9B /* photo-12.jpeg */ = {isa = PBXFileReference; lastKnownFileType = image.jpeg; path = "photo-12.jpeg"; sourceTree = "<group>"; };
		451AA3F8183E59FD0053FE71 /* mojaveScene1.png */ = {isa = PBXFileReference; lastKnownFileType = image.png; path = mojaveScene1.png; sourceTree = "<group>"; };
		451AA3FC183E5E630053FE71 /* mojaveObj1.png */ = {isa = PBXFileReference; lastKnownFileType = image.png; path = mojaveObj1.png; sourceTree = "<group>"; };
		451AA3FE183E5EB70053FE71 /* mojaveObj2.png */ = {isa = PBXFileReference; lastKnownFileType = image.png; path = mojaveObj2.png; sourceTree = "<group>"; };
		A427F5EC183A4A4700DB3618 /* UIImageCVMatConverter.h */ = {isa = PBXFileReference; fileEncoding = 4; lastKnownFileType = sourcecode.c.h; path = UIImageCVMatConverter.h; sourceTree = "<group>"; };
		A427F5ED183A4A4700DB3618 /* UIImageCVMatConverter.mm */ = {isa = PBXFileReference; fileEncoding = 4; lastKnownFileType = sourcecode.cpp.objcpp; path = UIImageCVMatConverter.mm; sourceTree = "<group>"; };
		A427F5EF183A4C1600DB3618 /* TemplateMatch.cpp */ = {isa = PBXFileReference; fileEncoding = 4; lastKnownFileType = sourcecode.cpp.cpp; path = TemplateMatch.cpp; sourceTree = "<group>"; };
		A427F5F0183A4C1600DB3618 /* TemplateMatch.h */ = {isa = PBXFileReference; fileEncoding = 4; lastKnownFileType = sourcecode.c.h; path = TemplateMatch.h; sourceTree = "<group>"; };
		A427F5F6183A7BA100DB3618 /* gopher.png */ = {isa = PBXFileReference; lastKnownFileType = image.png; path = gopher.png; sourceTree = "<group>"; };
		A427F5F7183A7BA100DB3618 /* mojavers.png */ = {isa = PBXFileReference; lastKnownFileType = image.png; path = mojavers.png; sourceTree = "<group>"; };
		A427F5FA183A7BB500DB3618 /* wdb.png */ = {isa = PBXFileReference; lastKnownFileType = image.png; path = wdb.png; sourceTree = "<group>"; };
		AF0D99531910A7E1002289DE /* opencv2.framework */ = {isa = PBXFileReference; lastKnownFileType = wrapper.framework; path = opencv2.framework; sourceTree = "<group>"; };
		DF94BD3E183EAAB400EEA93F /* wdbobj1.png */ = {isa = PBXFileReference; lastKnownFileType = image.png; path = wdbobj1.png; sourceTree = "<group>"; };
		DF94BD3F183EAAB400EEA93F /* wdbobj2.png */ = {isa = PBXFileReference; lastKnownFileType = image.png; path = wdbobj2.png; sourceTree = "<group>"; };
		DF94BD40183EAAB400EEA93F /* wdbscene.png */ = {isa = PBXFileReference; lastKnownFileType = image.png; path = wdbscene.png; sourceTree = "<group>"; };
		DF94BD44183EB14400EEA93F /* Utility.h */ = {isa = PBXFileReference; fileEncoding = 4; lastKnownFileType = sourcecode.c.h; path = Utility.h; sourceTree = "<group>"; };
		DF94BD45183EB14400EEA93F /* Utility.m */ = {isa = PBXFileReference; fileEncoding = 4; lastKnownFileType = sourcecode.c.objc; path = Utility.m; sourceTree = "<group>"; };
/* End PBXFileReference section */

/* Begin PBXFrameworksBuildPhase section */
		368A92C8183942F2001351F3 /* Frameworks */ = {
			isa = PBXFrameworksBuildPhase;
			buildActionMask = 2147483647;
			files = (
				AF0D99541910A7E1002289DE /* opencv2.framework in Frameworks */,
				36F1B48E1839771E00C63B6A /* AudioToolbox.framework in Frameworks */,
				368A93181839701D001351F3 /* Accelerate.framework in Frameworks */,
				368A92D1183942F3001351F3 /* CoreGraphics.framework in Frameworks */,
				368A92D3183942F3001351F3 /* UIKit.framework in Frameworks */,
				368A931618396FFF001351F3 /* libopencv_core.a in Frameworks */,
				368A92CF183942F3001351F3 /* Foundation.framework in Frameworks */,
			);
			runOnlyForDeploymentPostprocessing = 0;
		};
		368A92E9183942F3001351F3 /* Frameworks */ = {
			isa = PBXFrameworksBuildPhase;
			buildActionMask = 2147483647;
			files = (
				368A92EE183942F3001351F3 /* XCTest.framework in Frameworks */,
				368A92F0183942F3001351F3 /* UIKit.framework in Frameworks */,
				368A92EF183942F3001351F3 /* Foundation.framework in Frameworks */,
			);
			runOnlyForDeploymentPostprocessing = 0;
		};
/* End PBXFrameworksBuildPhase section */

/* Begin PBXGroup section */
		368A92C2183942F2001351F3 = {
			isa = PBXGroup;
			children = (
				368A92D4183942F3001351F3 /* ImageMatch */,
				368A92F3183942F3001351F3 /* ImageMatchTests */,
				368A92CD183942F3001351F3 /* Frameworks */,
				368A92CC183942F3001351F3 /* Products */,
			);
			sourceTree = "<group>";
		};
		368A92CC183942F3001351F3 /* Products */ = {
			isa = PBXGroup;
			children = (
				368A92CB183942F3001351F3 /* ImageMatch.app */,
				368A92EC183942F3001351F3 /* ImageMatchTests.xctest */,
			);
			name = Products;
			sourceTree = "<group>";
		};
		368A92CD183942F3001351F3 /* Frameworks */ = {
			isa = PBXGroup;
			children = (
				AF0D99531910A7E1002289DE /* opencv2.framework */,
				36F1B48D1839771E00C63B6A /* AudioToolbox.framework */,
				368A93171839701D001351F3 /* Accelerate.framework */,
				368A92CE183942F3001351F3 /* Foundation.framework */,
				368A92D0183942F3001351F3 /* CoreGraphics.framework */,
				368A92D2183942F3001351F3 /* UIKit.framework */,
				368A92ED183942F3001351F3 /* XCTest.framework */,
			);
			name = Frameworks;
			sourceTree = "<group>";
		};
		368A92D4183942F3001351F3 /* ImageMatch */ = {
			isa = PBXGroup;
			children = (
				368A92DD183942F3001351F3 /* AppDelegate.h */,
				368A92DE183942F3001351F3 /* AppDelegate.m */,
				368A92E0183942F3001351F3 /* Main.storyboard */,
				368A92E3183942F3001351F3 /* ViewController.h */,
				368A92E4183942F3001351F3 /* ViewController.m */,
				A427F5EC183A4A4700DB3618 /* UIImageCVMatConverter.h */,
				A427F5ED183A4A4700DB3618 /* UIImageCVMatConverter.mm */,
				A427F5EF183A4C1600DB3618 /* TemplateMatch.cpp */,
				A427F5F0183A4C1600DB3618 /* TemplateMatch.h */,
				DF94BD44183EB14400EEA93F /* Utility.h */,
				DF94BD45183EB14400EEA93F /* Utility.m */,
				368A92E6183942F3001351F3 /* Images.xcassets */,
				368A92D5183942F3001351F3 /* Supporting Files */,
			);
			path = ImageMatch;
			sourceTree = "<group>";
		};
		368A92D5183942F3001351F3 /* Supporting Files */ = {
			isa = PBXGroup;
			children = (
				368AA384183C98B00099EECC /* gopherScene.jpg */,
				368AA388183C99CC0099EECC /* gopherObj.png */,
				DF94BD3E183EAAB400EEA93F /* wdbobj1.png */,
				DF94BD3F183EAAB400EEA93F /* wdbobj2.png */,
				DF94BD40183EAAB400EEA93F /* wdbscene.png */,
				451AA3F8183E59FD0053FE71 /* mojaveScene1.png */,
				451AA3FC183E5E630053FE71 /* mojaveObj1.png */,
				451AA3FE183E5EB70053FE71 /* mojaveObj2.png */,
				A427F5F6183A7BA100DB3618 /* gopher.png */,
				A427F5F7183A7BA100DB3618 /* mojavers.png */,
				A427F5FA183A7BB500DB3618 /* wdb.png */,
				362C359E183A9DA90078D8BB /* logo.png */,
				36FF380B1839FD6500F81C9B /* photo-12.jpeg */,
				36FF38071839F75D00F81C9B /* photo-logo.jpeg */,
				368A931518396FFF001351F3 /* libopencv_core.a */,
				368A92D6183942F3001351F3 /* ImageMatch-Info.plist */,
				368A92D7183942F3001351F3 /* InfoPlist.strings */,
				368A92DA183942F3001351F3 /* main.m */,
				368A92DC183942F3001351F3 /* ImageMatch-Prefix.pch */,
			);
			name = "Supporting Files";
			sourceTree = "<group>";
		};
		368A92F3183942F3001351F3 /* ImageMatchTests */ = {
			isa = PBXGroup;
			children = (
				368A92F9183942F3001351F3 /* ImageMatchTests.m */,
				368A92F4183942F3001351F3 /* Supporting Files */,
			);
			path = ImageMatchTests;
			sourceTree = "<group>";
		};
		368A92F4183942F3001351F3 /* Supporting Files */ = {
			isa = PBXGroup;
			children = (
				368A92F5183942F3001351F3 /* ImageMatchTests-Info.plist */,
				368A92F6183942F3001351F3 /* InfoPlist.strings */,
			);
			name = "Supporting Files";
			sourceTree = "<group>";
		};
/* End PBXGroup section */

/* Begin PBXNativeTarget section */
		368A92CA183942F2001351F3 /* ImageMatch */ = {
			isa = PBXNativeTarget;
			buildConfigurationList = 368A92FD183942F3001351F3 /* Build configuration list for PBXNativeTarget "ImageMatch" */;
			buildPhases = (
				368A92C7183942F2001351F3 /* Sources */,
				368A92C8183942F2001351F3 /* Frameworks */,
				368A92C9183942F2001351F3 /* Resources */,
			);
			buildRules = (
			);
			dependencies = (
			);
			name = ImageMatch;
			productName = ImageMatch;
			productReference = 368A92CB183942F3001351F3 /* ImageMatch.app */;
			productType = "com.apple.product-type.application";
		};
		368A92EB183942F3001351F3 /* ImageMatchTests */ = {
			isa = PBXNativeTarget;
			buildConfigurationList = 368A9300183942F3001351F3 /* Build configuration list for PBXNativeTarget "ImageMatchTests" */;
			buildPhases = (
				368A92E8183942F3001351F3 /* Sources */,
				368A92E9183942F3001351F3 /* Frameworks */,
				368A92EA183942F3001351F3 /* Resources */,
			);
			buildRules = (
			);
			dependencies = (
				368A92F2183942F3001351F3 /* PBXTargetDependency */,
			);
			name = ImageMatchTests;
			productName = ImageMatchTests;
			productReference = 368A92EC183942F3001351F3 /* ImageMatchTests.xctest */;
			productType = "com.apple.product-type.bundle.unit-test";
		};
/* End PBXNativeTarget section */

/* Begin PBXProject section */
		368A92C3183942F2001351F3 /* Project object */ = {
			isa = PBXProject;
			attributes = {
				LastUpgradeCheck = 0500;
				ORGANIZATIONNAME = Ashvaray;
				TargetAttributes = {
					368A92EB183942F3001351F3 = {
						TestTargetID = 368A92CA183942F2001351F3;
					};
				};
			};
			buildConfigurationList = 368A92C6183942F2001351F3 /* Build configuration list for PBXProject "ImageMatch" */;
			compatibilityVersion = "Xcode 3.2";
			developmentRegion = English;
			hasScannedForEncodings = 0;
			knownRegions = (
				en,
				Base,
			);
			mainGroup = 368A92C2183942F2001351F3;
			productRefGroup = 368A92CC183942F3001351F3 /* Products */;
			projectDirPath = "";
			projectRoot = "";
			targets = (
				368A92CA183942F2001351F3 /* ImageMatch */,
				368A92EB183942F3001351F3 /* ImageMatchTests */,
			);
		};
/* End PBXProject section */

/* Begin PBXResourcesBuildPhase section */
		368A92C9183942F2001351F3 /* Resources */ = {
			isa = PBXResourcesBuildPhase;
			buildActionMask = 2147483647;
			files = (
				368A92E7183942F3001351F3 /* Images.xcassets in Resources */,
				36FF38081839F75D00F81C9B /* photo-logo.jpeg in Resources */,
				362C359F183A9DA90078D8BB /* logo.png in Resources */,
				A427F5F9183A7BA100DB3618 /* mojavers.png in Resources */,
				A427F5F8183A7BA100DB3618 /* gopher.png in Resources */,
				451AA3FF183E5EB70053FE71 /* mojaveObj2.png in Resources */,
				368AA389183C99CC0099EECC /* gopherObj.png in Resources */,
				DF94BD43183EAAB400EEA93F /* wdbscene.png in Resources */,
				451AA3F9183E59FD0053FE71 /* mojaveScene1.png in Resources */,
				DF94BD42183EAAB400EEA93F /* wdbobj2.png in Resources */,
				368AA386183C98B00099EECC /* gopherScene.jpg in Resources */,
				DF94BD41183EAAB400EEA93F /* wdbobj1.png in Resources */,
				368A92D9183942F3001351F3 /* InfoPlist.strings in Resources */,
				36FF380C1839FD6500F81C9B /* photo-12.jpeg in Resources */,
				368A92E2183942F3001351F3 /* Main.storyboard in Resources */,
				A427F5FB183A7BB500DB3618 /* wdb.png in Resources */,
				451AA3FD183E5E630053FE71 /* mojaveObj1.png in Resources */,
			);
			runOnlyForDeploymentPostprocessing = 0;
		};
		368A92EA183942F3001351F3 /* Resources */ = {
			isa = PBXResourcesBuildPhase;
			buildActionMask = 2147483647;
			files = (
				368A92F8183942F3001351F3 /* InfoPlist.strings in Resources */,
			);
			runOnlyForDeploymentPostprocessing = 0;
		};
/* End PBXResourcesBuildPhase section */

/* Begin PBXSourcesBuildPhase section */
		368A92C7183942F2001351F3 /* Sources */ = {
			isa = PBXSourcesBuildPhase;
			buildActionMask = 2147483647;
			files = (
				A427F5EE183A4A4700DB3618 /* UIImageCVMatConverter.mm in Sources */,
				A427F5F1183A4C1600DB3618 /* TemplateMatch.cpp in Sources */,
				368A92E5183942F3001351F3 /* ViewController.m in Sources */,
				368A92DF183942F3001351F3 /* AppDelegate.m in Sources */,
				DF94BD46183EB14400EEA93F /* Utility.m in Sources */,
				368A92DB183942F3001351F3 /* main.m in Sources */,
			);
			runOnlyForDeploymentPostprocessing = 0;
		};
		368A92E8183942F3001351F3 /* Sources */ = {
			isa = PBXSourcesBuildPhase;
			buildActionMask = 2147483647;
			files = (
				368A92FA183942F3001351F3 /* ImageMatchTests.m in Sources */,
			);
			runOnlyForDeploymentPostprocessing = 0;
		};
/* End PBXSourcesBuildPhase section */

/* Begin PBXTargetDependency section */
		368A92F2183942F3001351F3 /* PBXTargetDependency */ = {
			isa = PBXTargetDependency;
			target = 368A92CA183942F2001351F3 /* ImageMatch */;
			targetProxy = 368A92F1183942F3001351F3 /* PBXContainerItemProxy */;
		};
/* End PBXTargetDependency section */

/* Begin PBXVariantGroup section */
		368A92D7183942F3001351F3 /* InfoPlist.strings */ = {
			isa = PBXVariantGroup;
			children = (
				368A92D8183942F3001351F3 /* en */,
			);
			name = InfoPlist.strings;
			sourceTree = "<group>";
		};
		368A92E0183942F3001351F3 /* Main.storyboard */ = {
			isa = PBXVariantGroup;
			children = (
				368A92E1183942F3001351F3 /* Base */,
			);
			name = Main.storyboard;
			sourceTree = "<group>";
		};
		368A92F6183942F3001351F3 /* InfoPlist.strings */ = {
			isa = PBXVariantGroup;
			children = (
				368A92F7183942F3001351F3 /* en */,
			);
			name = InfoPlist.strings;
			sourceTree = "<group>";
		};
/* End PBXVariantGroup section */

/* Begin XCBuildConfiguration section */
		368A92FB183942F3001351F3 /* Debug */ = {
			isa = XCBuildConfiguration;
			buildSettings = {
				ALWAYS_SEARCH_USER_PATHS = YES;
				ARCHS = "$(ARCHS_STANDARD)";
				CLANG_CXX_LANGUAGE_STANDARD = "gnu++0x";
				CLANG_CXX_LIBRARY = "libc++";
				CLANG_ENABLE_MODULES = YES;
				CLANG_ENABLE_OBJC_ARC = YES;
				CLANG_WARN_BOOL_CONVERSION = YES;
				CLANG_WARN_CONSTANT_CONVERSION = YES;
				CLANG_WARN_DIRECT_OBJC_ISA_USAGE = YES_ERROR;
				CLANG_WARN_EMPTY_BODY = YES;
				CLANG_WARN_ENUM_CONVERSION = YES;
				CLANG_WARN_INT_CONVERSION = YES;
				CLANG_WARN_OBJC_ROOT_CLASS = YES_ERROR;
				CLANG_WARN__DUPLICATE_METHOD_MATCH = YES;
				"CODE_SIGN_IDENTITY[sdk=iphoneos*]" = "iPhone Developer";
				COPY_PHASE_STRIP = NO;
				GCC_C_LANGUAGE_STANDARD = gnu99;
				GCC_DYNAMIC_NO_PIC = NO;
				GCC_OPTIMIZATION_LEVEL = 0;
				GCC_PREPROCESSOR_DEFINITIONS = (
					"DEBUG=1",
					"$(inherited)",
				);
				GCC_SYMBOLS_PRIVATE_EXTERN = NO;
				GCC_WARN_64_TO_32_BIT_CONVERSION = YES;
				GCC_WARN_ABOUT_RETURN_TYPE = YES_ERROR;
				GCC_WARN_UNDECLARED_SELECTOR = YES;
				GCC_WARN_UNINITIALIZED_AUTOS = YES;
				GCC_WARN_UNUSED_FUNCTION = YES;
				GCC_WARN_UNUSED_VARIABLE = YES;
				IPHONEOS_DEPLOYMENT_TARGET = 6.0;
				ONLY_ACTIVE_ARCH = YES;
				SDKROOT = iphoneos;
			};
			name = Debug;
		};
		368A92FC183942F3001351F3 /* Release */ = {
			isa = XCBuildConfiguration;
			buildSettings = {
				ALWAYS_SEARCH_USER_PATHS = YES;
				ARCHS = "$(ARCHS_STANDARD)";
				CLANG_CXX_LANGUAGE_STANDARD = "gnu++0x";
				CLANG_CXX_LIBRARY = "libc++";
				CLANG_ENABLE_MODULES = YES;
				CLANG_ENABLE_OBJC_ARC = YES;
				CLANG_WARN_BOOL_CONVERSION = YES;
				CLANG_WARN_CONSTANT_CONVERSION = YES;
				CLANG_WARN_DIRECT_OBJC_ISA_USAGE = YES_ERROR;
				CLANG_WARN_EMPTY_BODY = YES;
				CLANG_WARN_ENUM_CONVERSION = YES;
				CLANG_WARN_INT_CONVERSION = YES;
				CLANG_WARN_OBJC_ROOT_CLASS = YES_ERROR;
				CLANG_WARN__DUPLICATE_METHOD_MATCH = YES;
				"CODE_SIGN_IDENTITY[sdk=iphoneos*]" = "iPhone Developer";
				COPY_PHASE_STRIP = YES;
				ENABLE_NS_ASSERTIONS = NO;
				GCC_C_LANGUAGE_STANDARD = gnu99;
				GCC_WARN_64_TO_32_BIT_CONVERSION = YES;
				GCC_WARN_ABOUT_RETURN_TYPE = YES_ERROR;
				GCC_WARN_UNDECLARED_SELECTOR = YES;
				GCC_WARN_UNINITIALIZED_AUTOS = YES;
				GCC_WARN_UNUSED_FUNCTION = YES;
				GCC_WARN_UNUSED_VARIABLE = YES;
				IPHONEOS_DEPLOYMENT_TARGET = 6.0;
				SDKROOT = iphoneos;
				VALIDATE_PRODUCT = YES;
			};
			name = Release;
		};
		368A92FE183942F3001351F3 /* Debug */ = {
			isa = XCBuildConfiguration;
			buildSettings = {
				ARCHS = "$(ARCHS_STANDARD)";
				ASSETCATALOG_COMPILER_APPICON_NAME = AppIcon;
				ASSETCATALOG_COMPILER_LAUNCHIMAGE_NAME = LaunchImage;
				FRAMEWORK_SEARCH_PATHS = (
					"$(PROJECT_DIR)/**",
					"/Users/master/GearDS/A-me/GitHub/ImageMatch/ImageMatch/**",
					"/Users/master/GearDS/A-me/GitHub/ImageMatch/**",
				);
				GCC_PRECOMPILE_PREFIX_HEADER = YES;
				GCC_PREFIX_HEADER = "ImageMatch/ImageMatch-Prefix.pch";
				HEADER_SEARCH_PATHS = "";
				INFOPLIST_FILE = "ImageMatch/ImageMatch-Info.plist";
				IPHONEOS_DEPLOYMENT_TARGET = 6.0;
				LIBRARY_SEARCH_PATHS = (
					"/Users/master/GearDS/A-me/GitHub/ImageMatch/**",
					"/Users/master/GearDS/A-me/GitHub/ImageMatch/ImageMatch/**",
				);
				OTHER_LDFLAGS = (
					"-lstdc++",
					"-lz",
				);
				PRODUCT_NAME = "$(TARGET_NAME)";
				WRAPPER_EXTENSION = app;
			};
			name = Debug;
		};
		368A92FF183942F3001351F3 /* Release */ = {
			isa = XCBuildConfiguration;
			buildSettings = {
				ARCHS = "$(ARCHS_STANDARD)";
				ASSETCATALOG_COMPILER_APPICON_NAME = AppIcon;
				ASSETCATALOG_COMPILER_LAUNCHIMAGE_NAME = LaunchImage;
				FRAMEWORK_SEARCH_PATHS = (
					"$(PROJECT_DIR)/**",
					"/Users/master/GearDS/A-me/GitHub/ImageMatch/ImageMatch/**",
					"/Users/master/GearDS/A-me/GitHub/ImageMatch/**",
				);
				GCC_PRECOMPILE_PREFIX_HEADER = YES;
				GCC_PREFIX_HEADER = "ImageMatch/ImageMatch-Prefix.pch";
				HEADER_SEARCH_PATHS = "";
				INFOPLIST_FILE = "ImageMatch/ImageMatch-Info.plist";
				IPHONEOS_DEPLOYMENT_TARGET = 6.0;
				LIBRARY_SEARCH_PATHS = (
					"/Users/master/GearDS/A-me/GitHub/ImageMatch/**",
					"/Users/master/GearDS/A-me/GitHub/ImageMatch/ImageMatch/**",
				);
				OTHER_LDFLAGS = (
					"-lstdc++",
					"-lz",
				);
				PRODUCT_NAME = "$(TARGET_NAME)";
				WRAPPER_EXTENSION = app;
			};
			name = Release;
		};
		368A9301183942F3001351F3 /* Debug */ = {
			isa = XCBuildConfiguration;
			buildSettings = {
				ARCHS = "$(ARCHS_STANDARD_INCLUDING_64_BIT)";
				BUNDLE_LOADER = "$(BUILT_PRODUCTS_DIR)/ImageMatch.app/ImageMatch";
				FRAMEWORK_SEARCH_PATHS = (
					"$(SDKROOT)/Developer/Library/Frameworks",
					"$(inherited)",
					"$(DEVELOPER_FRAMEWORKS_DIR)",
				);
				GCC_PRECOMPILE_PREFIX_HEADER = YES;
				GCC_PREFIX_HEADER = "ImageMatch/ImageMatch-Prefix.pch";
				GCC_PREPROCESSOR_DEFINITIONS = (
					"DEBUG=1",
					"$(inherited)",
				);
				INFOPLIST_FILE = "ImageMatchTests/ImageMatchTests-Info.plist";
				PRODUCT_NAME = "$(TARGET_NAME)";
				TEST_HOST = "$(BUNDLE_LOADER)";
				WRAPPER_EXTENSION = xctest;
			};
			name = Debug;
		};
		368A9302183942F3001351F3 /* Release */ = {
			isa = XCBuildConfiguration;
			buildSettings = {
				ARCHS = "$(ARCHS_STANDARD_INCLUDING_64_BIT)";
				BUNDLE_LOADER = "$(BUILT_PRODUCTS_DIR)/ImageMatch.app/ImageMatch";
				FRAMEWORK_SEARCH_PATHS = (
					"$(SDKROOT)/Developer/Library/Frameworks",
					"$(inherited)",
					"$(DEVELOPER_FRAMEWORKS_DIR)",
				);
				GCC_PRECOMPILE_PREFIX_HEADER = YES;
				GCC_PREFIX_HEADER = "ImageMatch/ImageMatch-Prefix.pch";
				INFOPLIST_FILE = "ImageMatchTests/ImageMatchTests-Info.plist";
				PRODUCT_NAME = "$(TARGET_NAME)";
				TEST_HOST = "$(BUNDLE_LOADER)";
				WRAPPER_EXTENSION = xctest;
			};
			name = Release;
		};
/* End XCBuildConfiguration section */

/* Begin XCConfigurationList section */
		368A92C6183942F2001351F3 /* Build configuration list for PBXProject "ImageMatch" */ = {
			isa = XCConfigurationList;
			buildConfigurations = (
				368A92FB183942F3001351F3 /* Debug */,
				368A92FC183942F3001351F3 /* Release */,
			);
			defaultConfigurationIsVisible = 0;
			defaultConfigurationName = Release;
		};
		368A92FD183942F3001351F3 /* Build configuration list for PBXNativeTarget "ImageMatch" */ = {
			isa = XCConfigurationList;
			buildConfigurations = (
				368A92FE183942F3001351F3 /* Debug */,
				368A92FF183942F3001351F3 /* Release */,
			);
			defaultConfigurationIsVisible = 0;
			defaultConfigurationName = Release;
		};
		368A9300183942F3001351F3 /* Build configuration list for PBXNativeTarget "ImageMatchTests" */ = {
			isa = XCConfigurationList;
			buildConfigurations = (
				368A9301183942F3001351F3 /* Debug */,
				368A9302183942F3001351F3 /* Release */,
			);
			defaultConfigurationIsVisible = 0;
			defaultConfigurationName = Release;
		};
/* End XCConfigurationList section */
	};
	rootObject = 368A92C3183942F2001351F3 /* Project object */;
}
